
Microsoft Visual Studio Solution File, Format Version 12.00
# Visual Studio Version 17
VisualStudioVersion = 17.4.33213.308
MinimumVisualStudioVersion = 10.0.40219.1
Project("{9A19103F-16F7-4668-BE54-9A1E7A4F7556}") = "ClanToolsCore", "src\ClanToolsCore\ClanToolsCore.csproj", "{51676E4B-6304-42A3-A892-F0BE7D41EEFE}"
EndProject
Project("{2150E333-8FDC-42A3-9474-1A3956D46DE8}") = "Applications", "Applications", "{92C6B929-C3B0-409F-981B-31122EAAD3E9}"
EndProject
Project("{9A19103F-16F7-4668-BE54-9A1E7A4F7556}") = "Application", "src\Applications\Application\Application.csproj", "{8450A93E-9FBE-4A32-B491-3B56487F4710}"
EndProject
Project("{2150E333-8FDC-42A3-9474-1A3956D46DE8}") = "src", "src", "{1C9850C5-7043-4D9D-A8DD-1F7FB215D635}"
EndProject
Project("{2150E333-8FDC-42A3-9474-1A3956D46DE8}") = "test", "test", "{05CBB44C-4800-4564-AE11-34E1837562A1}"
EndProject
Project("{2150E333-8FDC-42A3-9474-1A3956D46DE8}") = "Applications", "Applications", "{79A76761-DB7A-423B-9399-71065679369C}"
EndProject
Project("{9A19103F-16F7-4668-BE54-9A1E7A4F7556}") = "Application.Test", "test\Applications\Application.Test\Application.Test.csproj", "{B469DF5D-9737-4648-81CA-A1BF2E68AE10}"
EndProject
Project("{9A19103F-16F7-4668-BE54-9A1E7A4F7556}") = "Skills", "src\Skills\Skills\Skills.csproj", "{6AEE1BF7-DDA8-4B34-BED4-E6AA3FD3A69E}"
EndProject
Project("{2150E333-8FDC-42A3-9474-1A3956D46DE8}") = "Skills", "Skills", "{6D60EE28-8865-4CEC-A900-AF22080583F3}"
EndProject
Project("{9A19103F-16F7-4668-BE54-9A1E7A4F7556}") = "SkillHistory", "src\Skills\SkillHistory\SkillHistory.csproj", "{B47DCC18-8B8E-4685-BF3C-132D77299E28}"
EndProject
Project("{9A19103F-16F7-4668-BE54-9A1E7A4F7556}") = "SkillHistory.Test", "test\Skills\SkillHistory.Test\SkillHistory.Test.csproj", "{4DA96806-976F-4986-B9CD-C42AF6390CFB}"
EndProject
Project("{2150E333-8FDC-42A3-9474-1A3956D46DE8}") = "Skills", "Skills", "{916E36BB-0A9E-4FC4-A09E-516D6AFD99FC}"
EndProject
Project("{2150E333-8FDC-42A3-9474-1A3956D46DE8}") = "Solution Items", "Solution Items", "{5D17AB66-3DC6-43B5-8258-78C4463B54B8}"
	ProjectSection(SolutionItems) = preProject
		Directory.Build.props = Directory.Build.props
	EndProjectSection
EndProject
Project("{9A19103F-16F7-4668-BE54-9A1E7A4F7556}") = "UserIdentification", "src\UserIdentification\UserIdentification.csproj", "{4A3B831E-F916-4613-BD71-8D3D29737C83}"
EndProject
Project("{9A19103F-16F7-4668-BE54-9A1E7A4F7556}") = "UserIdentification.Test", "test\UserIdentification.Test\UserIdentification.Test.csproj", "{A9D73EE9-1EF0-472A-ACAD-6FD4B6AFF53A}"
EndProject
Project("{FAE04EC0-301F-11D3-BF4B-00C04F79EFBC}") = "Skillathon", "src\Skills\Skillathon\Skillathon.csproj", "{189D016C-21E8-414A-84E8-59AF689637E1}"
EndProject
Global
	GlobalSection(SolutionConfigurationPlatforms) = preSolution
		Debug|Any CPU = Debug|Any CPU
		Release|Any CPU = Release|Any CPU
	EndGlobalSection
	GlobalSection(ProjectConfigurationPlatforms) = postSolution
		{51676E4B-6304-42A3-A892-F0BE7D41EEFE}.Debug|Any CPU.ActiveCfg = Debug|Any CPU
		{51676E4B-6304-42A3-A892-F0BE7D41EEFE}.Debug|Any CPU.Build.0 = Debug|Any CPU
		{51676E4B-6304-42A3-A892-F0BE7D41EEFE}.Release|Any CPU.ActiveCfg = Release|Any CPU
		{51676E4B-6304-42A3-A892-F0BE7D41EEFE}.Release|Any CPU.Build.0 = Release|Any CPU
		{8450A93E-9FBE-4A32-B491-3B56487F4710}.Debug|Any CPU.ActiveCfg = Debug|Any CPU
		{8450A93E-9FBE-4A32-B491-3B56487F4710}.Debug|Any CPU.Build.0 = Debug|Any CPU
		{8450A93E-9FBE-4A32-B491-3B56487F4710}.Release|Any CPU.ActiveCfg = Release|Any CPU
		{8450A93E-9FBE-4A32-B491-3B56487F4710}.Release|Any CPU.Build.0 = Release|Any CPU
		{B469DF5D-9737-4648-81CA-A1BF2E68AE10}.Debug|Any CPU.ActiveCfg = Debug|Any CPU
		{B469DF5D-9737-4648-81CA-A1BF2E68AE10}.Debug|Any CPU.Build.0 = Debug|Any CPU
		{B469DF5D-9737-4648-81CA-A1BF2E68AE10}.Release|Any CPU.ActiveCfg = Release|Any CPU
		{B469DF5D-9737-4648-81CA-A1BF2E68AE10}.Release|Any CPU.Build.0 = Release|Any CPU
		{6AEE1BF7-DDA8-4B34-BED4-E6AA3FD3A69E}.Debug|Any CPU.ActiveCfg = Debug|Any CPU
		{6AEE1BF7-DDA8-4B34-BED4-E6AA3FD3A69E}.Debug|Any CPU.Build.0 = Debug|Any CPU
		{6AEE1BF7-DDA8-4B34-BED4-E6AA3FD3A69E}.Release|Any CPU.ActiveCfg = Release|Any CPU
		{6AEE1BF7-DDA8-4B34-BED4-E6AA3FD3A69E}.Release|Any CPU.Build.0 = Release|Any CPU
		{B47DCC18-8B8E-4685-BF3C-132D77299E28}.Debug|Any CPU.ActiveCfg = Debug|Any CPU
		{B47DCC18-8B8E-4685-BF3C-132D77299E28}.Debug|Any CPU.Build.0 = Debug|Any CPU
		{B47DCC18-8B8E-4685-BF3C-132D77299E28}.Release|Any CPU.ActiveCfg = Release|Any CPU
		{B47DCC18-8B8E-4685-BF3C-132D77299E28}.Release|Any CPU.Build.0 = Release|Any CPU
		{4DA96806-976F-4986-B9CD-C42AF6390CFB}.Debug|Any CPU.ActiveCfg = Debug|Any CPU
		{4DA96806-976F-4986-B9CD-C42AF6390CFB}.Debug|Any CPU.Build.0 = Debug|Any CPU
		{4DA96806-976F-4986-B9CD-C42AF6390CFB}.Release|Any CPU.ActiveCfg = Release|Any CPU
		{4DA96806-976F-4986-B9CD-C42AF6390CFB}.Release|Any CPU.Build.0 = Release|Any CPU
		{4A3B831E-F916-4613-BD71-8D3D29737C83}.Debug|Any CPU.ActiveCfg = Debug|Any CPU
		{4A3B831E-F916-4613-BD71-8D3D29737C83}.Debug|Any CPU.Build.0 = Debug|Any CPU
		{4A3B831E-F916-4613-BD71-8D3D29737C83}.Release|Any CPU.ActiveCfg = Release|Any CPU
		{4A3B831E-F916-4613-BD71-8D3D29737C83}.Release|Any CPU.Build.0 = Release|Any CPU
		{A9D73EE9-1EF0-472A-ACAD-6FD4B6AFF53A}.Debug|Any CPU.ActiveCfg = Debug|Any CPU
		{A9D73EE9-1EF0-472A-ACAD-6FD4B6AFF53A}.Debug|Any CPU.Build.0 = Debug|Any CPU
		{A9D73EE9-1EF0-472A-ACAD-6FD4B6AFF53A}.Release|Any CPU.ActiveCfg = Release|Any CPU
		{A9D73EE9-1EF0-472A-ACAD-6FD4B6AFF53A}.Release|Any CPU.Build.0 = Release|Any CPU
		{189D016C-21E8-414A-84E8-59AF689637E1}.Debug|Any CPU.ActiveCfg = Debug|Any CPU
		{189D016C-21E8-414A-84E8-59AF689637E1}.Debug|Any CPU.Build.0 = Debug|Any CPU
		{189D016C-21E8-414A-84E8-59AF689637E1}.Release|Any CPU.ActiveCfg = Release|Any CPU
		{189D016C-21E8-414A-84E8-59AF689637E1}.Release|Any CPU.Build.0 = Release|Any CPU
	EndGlobalSection
	GlobalSection(SolutionProperties) = preSolution
		HideSolutionNode = FALSE
	EndGlobalSection
	GlobalSection(NestedProjects) = preSolution
		{51676E4B-6304-42A3-A892-F0BE7D41EEFE} = {1C9850C5-7043-4D9D-A8DD-1F7FB215D635}
		{92C6B929-C3B0-409F-981B-31122EAAD3E9} = {1C9850C5-7043-4D9D-A8DD-1F7FB215D635}
		{8450A93E-9FBE-4A32-B491-3B56487F4710} = {92C6B929-C3B0-409F-981B-31122EAAD3E9}
		{79A76761-DB7A-423B-9399-71065679369C} = {05CBB44C-4800-4564-AE11-34E1837562A1}
		{B469DF5D-9737-4648-81CA-A1BF2E68AE10} = {79A76761-DB7A-423B-9399-71065679369C}
		{6AEE1BF7-DDA8-4B34-BED4-E6AA3FD3A69E} = {6D60EE28-8865-4CEC-A900-AF22080583F3}
		{6D60EE28-8865-4CEC-A900-AF22080583F3} = {1C9850C5-7043-4D9D-A8DD-1F7FB215D635}
		{B47DCC18-8B8E-4685-BF3C-132D77299E28} = {6D60EE28-8865-4CEC-A900-AF22080583F3}
		{4DA96806-976F-4986-B9CD-C42AF6390CFB} = {916E36BB-0A9E-4FC4-A09E-516D6AFD99FC}
		{916E36BB-0A9E-4FC4-A09E-516D6AFD99FC} = {05CBB44C-4800-4564-AE11-34E1837562A1}
		{4A3B831E-F916-4613-BD71-8D3D29737C83} = {1C9850C5-7043-4D9D-A8DD-1F7FB215D635}
		{A9D73EE9-1EF0-472A-ACAD-6FD4B6AFF53A} = {05CBB44C-4800-4564-AE11-34E1837562A1}
		{189D016C-21E8-414A-84E8-59AF689637E1} = {6D60EE28-8865-4CEC-A900-AF22080583F3}
	EndGlobalSection
	GlobalSection(ExtensibilityGlobals) = postSolution
		SolutionGuid = {1AD96FD7-87E2-4C1A-81DF-BC2FAEE233FD}
	EndGlobalSection
EndGlobal
